{
  "version": 1,
  "dependencies": {
    "net8.0-windows7.0": {
      "DalamudPackager": {
        "type": "Direct",
        "requested": "[2.1.13, )",
        "resolved": "2.1.13",
        "contentHash": "rMN1omGe8536f4xLMvx9NwfvpAc9YFFfeXJ1t4P4PE6Gu8WCIoFliR1sh07hM+bfODmesk/dvMbji7vNI+B/pQ=="
      },
      "ExdSheets": {
        "type": "Direct",
        "requested": "[2.1.0, )",
        "resolved": "2.1.0",
        "contentHash": "SfvLFyL8LYsW4AzPLFVfFwtKPl9xegGraIe9oFar3IlWW8Z4kf5dkM+1CiSr/J+PQt4xt2QZc/ydZ4ibs3RosA==",
        "dependencies": {
          "Lumina": "4.1.1"
        }
      },
      "Lumina": {
        "type": "Direct",
        "requested": "[4.1.1, )",
        "resolved": "4.1.1",
        "contentHash": "Hd+iTtdaPACTpViXaJ/+sQ3ZQ8MEpApCSD+mxTXnUTYDSZOAipuC4LsZqhAkLMeQHSK/R/jiXEXaXS7e0mTXyA==",
        "dependencies": {
          "Microsoft.Extensions.ObjectPool": "9.0.0-preview.1.24081.5"
        }
      },
      "Meziantou.Analyzer": {
        "type": "Direct",
        "requested": "[2.0.163, )",
        "resolved": "2.0.163",
        "contentHash": "vN0YmOkuvPLukMsefLHYCWYaLPzpc6SfoR74aPwuLeK8QdxgxkavywQ1q/II0shLEEaN1RhlMjmL1RxMPW853w=="
      },
      "Microsoft.Extensions.ObjectPool": {
        "type": "Direct",
        "requested": "[9.0.0-preview.1.24081.5, )",
        "resolved": "9.0.0-preview.1.24081.5",
        "contentHash": "aAR7YW+pUUdvHk3vj7GtAi71dWGDIuY9270lsmQ6lKw23zzY+r8pLP3cGNbJdlnA9VWl+S+gnIVkBCqj2ROlEg=="
      }
    }
  }
}