{
  "version": 1,
  "dependencies": {
    "net8.0-windows7.0": {
      "DalamudPackager": {
        "type": "Direct",
        "requested": "[11.0.0, )",
        "resolved": "11.0.0",
        "contentHash": "bjT7XUlhIJSmsE/O76b7weUX+evvGQctbQB8aKXt94o+oPWxHpCepxAGMs7Thow3AzCyqWs7cOpp9/2wcgRRQA=="
      },
      "Humanizer.Core": {
        "type": "Direct",
        "requested": "[3.0.0-beta.54, )",
        "resolved": "3.0.0-beta.54",
        "contentHash": "V1LqoHpfgEUoYJHiboaL6rZS/Wfr/K7xlsL0/SjwWtuFtV1d3bV8sTEPjURHmfxySND8KgQex5WuuuwMBraDog==",
        "dependencies": {
          "System.Memory": "4.5.5",
          "System.ValueTuple": "4.5.0"
        }
      },
      "Meziantou.Analyzer": {
        "type": "Direct",
        "requested": "[2.0.179, )",
        "resolved": "2.0.179",
        "contentHash": "F5zRPPi1A1lLq4AkBxKWk32gCo9xy8b46InSBUx47gj3DZFfAYi1TtYeChBJedkDETaVKX0+0YtXh/nVAJ/aQw=="
      },
      "System.Memory": {
        "type": "Transitive",
        "resolved": "4.5.5",
        "contentHash": "XIWiDvKPXaTveaB7HVganDlOCRoj03l+jrwNvcge/t8vhGYKvqV+dMv6G4SAX2NoNmN0wZfVPTAlFwZcZvVOUw=="
      },
      "System.ValueTuple": {
        "type": "Transitive",
        "resolved": "4.5.0",
        "contentHash": "okurQJO6NRE/apDIP23ajJ0hpiNmJ+f0BwOlB/cSqTLQlw5upkf+5+96+iG2Jw40G1fCVCyPz/FhIABUjMR+RQ=="
      }
    }
  }
}